
Microsoft Visual Studio Solution File, Format Version 11.00
# Visual Studio 2010
Project("{FAE04EC0-301F-11D3-BF4B-00C04F79EFBC}") = "FMODUnity", "FMODUnity.csproj", "{c60990ec-ab58-568b-d20f-3893bbd2b79b}"
EndProject
Project("{FAE04EC0-301F-11D3-BF4B-00C04F79EFBC}") = "Assembly-CSharp", "Assembly-CSharp.csproj", "{c6827020-7c06-f6e7-6be2-8a6dd1cb9389}"
EndProject
Project("{FAE04EC0-301F-11D3-BF4B-00C04F79EFBC}") = "FMODUnityResonance", "FMODUnityResonance.csproj", "{32655a9f-258f-c046-6cfc-a81cc0c9fd6b}"
EndProject
Project("{FAE04EC0-301F-11D3-BF4B-00C04F79EFBC}") = "FMODUnityEditor", "FMODUnityEditor.csproj", "{0ce9ad1f-44a8-77bd-83c8-080dff74f1da}"
EndProject
Project("{FAE04EC0-301F-11D3-BF4B-00C04F79EFBC}") = "Unity.XR.Management.Samples.Editor", "Unity.XR.Management.Samples.Editor.csproj", "{bca67fdf-f8d0-9f23-b642-6caf8631e98c}"
EndProject
Project("{FAE04EC0-301F-11D3-BF4B-00C04F79EFBC}") = "Unity.XR.Management.Samples", "Unity.XR.Management.Samples.csproj", "{3f4a3f89-973c-9059-f0d7-fe176f17208b}"
EndProject
Project("{FAE04EC0-301F-11D3-BF4B-00C04F79EFBC}") = "FMODUnityResonanceEditor", "FMODUnityResonanceEditor.csproj", "{79cc0c73-23b2-8add-513b-aa5e7cb4cf99}"
EndProject
Global
	GlobalSection(SolutionConfigurationPlatforms) = preSolution
		Debug|Any CPU = Debug|Any CPU
	EndGlobalSection
	GlobalSection(ProjectConfigurationPlatforms) = postSolution
		{c60990ec-ab58-568b-d20f-3893bbd2b79b}.Debug|Any CPU.ActiveCfg = Debug|Any CPU
		{c60990ec-ab58-568b-d20f-3893bbd2b79b}.Debug|Any CPU.Build.0 = Debug|Any CPU
		{c6827020-7c06-f6e7-6be2-8a6dd1cb9389}.Debug|Any CPU.ActiveCfg = Debug|Any CPU
		{c6827020-7c06-f6e7-6be2-8a6dd1cb9389}.Debug|Any CPU.Build.0 = Debug|Any CPU
		{32655a9f-258f-c046-6cfc-a81cc0c9fd6b}.Debug|Any CPU.ActiveCfg = Debug|Any CPU
		{32655a9f-258f-c046-6cfc-a81cc0c9fd6b}.Debug|Any CPU.Build.0 = Debug|Any CPU
		{0ce9ad1f-44a8-77bd-83c8-080dff74f1da}.Debug|Any CPU.ActiveCfg = Debug|Any CPU
		{0ce9ad1f-44a8-77bd-83c8-080dff74f1da}.Debug|Any CPU.Build.0 = Debug|Any CPU
		{bca67fdf-f8d0-9f23-b642-6caf8631e98c}.Debug|Any CPU.ActiveCfg = Debug|Any CPU
		{bca67fdf-f8d0-9f23-b642-6caf8631e98c}.Debug|Any CPU.Build.0 = Debug|Any CPU
		{3f4a3f89-973c-9059-f0d7-fe176f17208b}.Debug|Any CPU.ActiveCfg = Debug|Any CPU
		{3f4a3f89-973c-9059-f0d7-fe176f17208b}.Debug|Any CPU.Build.0 = Debug|Any CPU
		{79cc0c73-23b2-8add-513b-aa5e7cb4cf99}.Debug|Any CPU.ActiveCfg = Debug|Any CPU
		{79cc0c73-23b2-8add-513b-aa5e7cb4cf99}.Debug|Any CPU.Build.0 = Debug|Any CPU
	EndGlobalSection
	GlobalSection(SolutionProperties) = preSolution
		HideSolutionNode = FALSE
	EndGlobalSection
EndGlobal
